// !$*UTF8*$!
{
	archiveVersion = 1;
	classes = {
	};
	objectVersion = 46;
	objects = {

/* Begin PBXBuildFile section */
		E050ABA41EBE03DF00CA1DF2 /* lovely.hpp in Headers */ = {isa = PBXBuildFile; fileRef = E050ABA11EBE03DF00CA1DF2 /* lovely.hpp */; };
		E050ABA51EBE03DF00CA1DF2 /* lovely.cpp in Sources */ = {isa = PBXBuildFile; fileRef = E050ABA31EBE03DF00CA1DF2 /* lovely.cpp */; };
		E050ABA71EBE045700CA1DF2 /* Python.framework in Frameworks */ = {isa = PBXBuildFile; fileRef = E050ABA61EBE045700CA1DF2 /* Python.framework */; };
/* End PBXBuildFile section */

/* Begin PBXFileReference section */
		E050AB8C1EBE025400CA1DF2 /* libLovely.dylib */ = {isa = PBXFileReference; explicitFileType = "compiled.mach-o.dylib"; includeInIndex = 0; path = libLovely.dylib; sourceTree = BUILT_PRODUCTS_DIR; };
		E050ABA11EBE03DF00CA1DF2 /* lovely.hpp */ = {isa = PBXFileReference; fileEncoding = 4; lastKnownFileType = sourcecode.cpp.h; path = lovely.hpp; sourceTree = "<group>"; };
		E050ABA31EBE03DF00CA1DF2 /* lovely.cpp */ = {isa = PBXFileReference; fileEncoding = 4; lastKnownFileType = sourcecode.cpp.cpp; path = lovely.cpp; sourceTree = "<group>"; };
		E050ABA61EBE045700CA1DF2 /* Python.framework */ = {isa = PBXFileReference; lastKnownFileType = wrapper.framework; name = Python.framework; path = ../../../../../usr/local/Cellar/python3/3.6.1/Frameworks/Python.framework; sourceTree = "<group>"; };
		E050ABAC1EBE053400CA1DF2 /* attr.h */ = {isa = PBXFileReference; lastKnownFileType = sourcecode.c.h; path = attr.h; sourceTree = "<group>"; };
		E050ABAD1EBE053400CA1DF2 /* buffer_info.h */ = {isa = PBXFileReference; lastKnownFileType = sourcecode.c.h; path = buffer_info.h; sourceTree = "<group>"; };
		E050ABAE1EBE053400CA1DF2 /* cast.h */ = {isa = PBXFileReference; lastKnownFileType = sourcecode.c.h; path = cast.h; sourceTree = "<group>"; };
		E050ABAF1EBE053400CA1DF2 /* chrono.h */ = {isa = PBXFileReference; lastKnownFileType = sourcecode.c.h; path = chrono.h; sourceTree = "<group>"; };
		E050ABB01EBE053400CA1DF2 /* class_support.h */ = {isa = PBXFileReference; lastKnownFileType = sourcecode.c.h; path = class_support.h; sourceTree = "<group>"; };
		E050ABB11EBE053400CA1DF2 /* common.h */ = {isa = PBXFileReference; lastKnownFileType = sourcecode.c.h; path = common.h; sourceTree = "<group>"; };
		E050ABB21EBE053400CA1DF2 /* complex.h */ = {isa = PBXFileReference; lastKnownFileType = sourcecode.c.h; path = complex.h; sourceTree = "<group>"; };
		E050ABB31EBE053400CA1DF2 /* descr.h */ = {isa = PBXFileReference; lastKnownFileType = sourcecode.c.h; path = descr.h; sourceTree = "<group>"; };
		E050ABB41EBE053400CA1DF2 /* eigen.h */ = {isa = PBXFileReference; lastKnownFileType = sourcecode.c.h; path = eigen.h; sourceTree = "<group>"; };
		E050ABB51EBE053400CA1DF2 /* eval.h */ = {isa = PBXFileReference; lastKnownFileType = sourcecode.c.h; path = eval.h; sourceTree = "<group>"; };
		E050ABB61EBE053400CA1DF2 /* functional.h */ = {isa = PBXFileReference; lastKnownFileType = sourcecode.c.h; path = functional.h; sourceTree = "<group>"; };
		E050ABB71EBE053400CA1DF2 /* numpy.h */ = {isa = PBXFileReference; lastKnownFileType = sourcecode.c.h; path = numpy.h; sourceTree = "<group>"; };
		E050ABB81EBE053400CA1DF2 /* operators.h */ = {isa = PBXFileReference; lastKnownFileType = sourcecode.c.h; path = operators.h; sourceTree = "<group>"; };
		E050ABB91EBE053400CA1DF2 /* options.h */ = {isa = PBXFileReference; lastKnownFileType = sourcecode.c.h; path = options.h; sourceTree = "<group>"; };
		E050ABBA1EBE053400CA1DF2 /* pybind11.h */ = {isa = PBXFileReference; lastKnownFileType = sourcecode.c.h; path = pybind11.h; sourceTree = "<group>"; };
		E050ABBB1EBE053400CA1DF2 /* pytypes.h */ = {isa = PBXFileReference; lastKnownFileType = sourcecode.c.h; path = pytypes.h; sourceTree = "<group>"; };
		E050ABBC1EBE053400CA1DF2 /* stl.h */ = {isa = PBXFileReference; lastKnownFileType = sourcecode.c.h; path = stl.h; sourceTree = "<group>"; };
		E050ABBD1EBE053400CA1DF2 /* stl_bind.h */ = {isa = PBXFileReference; lastKnownFileType = sourcecode.c.h; path = stl_bind.h; sourceTree = "<group>"; };
		E050ABBE1EBE053400CA1DF2 /* typeid.h */ = {isa = PBXFileReference; lastKnownFileType = sourcecode.c.h; path = typeid.h; sourceTree = "<group>"; };
		E050ABBF1EBE053400CA1DF2 /* LICENSE */ = {isa = PBXFileReference; lastKnownFileType = text; path = LICENSE; sourceTree = "<group>"; };
		E050ABC01EBE053400CA1DF2 /* README.md */ = {isa = PBXFileReference; lastKnownFileType = net.daringfireball.markdown; path = README.md; sourceTree = "<group>"; };
/* End PBXFileReference section */

/* Begin PBXFrameworksBuildPhase section */
		E050AB891EBE025400CA1DF2 /* Frameworks */ = {
			isa = PBXFrameworksBuildPhase;
			buildActionMask = 2147483647;
			files = (
				E050ABA71EBE045700CA1DF2 /* Python.framework in Frameworks */,
			);
			runOnlyForDeploymentPostprocessing = 0;
		};
/* End PBXFrameworksBuildPhase section */

/* Begin PBXGroup section */
		E050AB831EBE025400CA1DF2 = {
			isa = PBXGroup;
			children = (
				E050ABA81EBE053400CA1DF2 /* libraries */,
				E050ABA61EBE045700CA1DF2 /* Python.framework */,
				E050ABA01EBE03DF00CA1DF2 /* include */,
				E050ABA21EBE03DF00CA1DF2 /* src */,
				E050AB8D1EBE025400CA1DF2 /* Products */,
			);
			sourceTree = "<group>";
		};
		E050AB8D1EBE025400CA1DF2 /* Products */ = {
			isa = PBXGroup;
			children = (
				E050AB8C1EBE025400CA1DF2 /* libLovely.dylib */,
			);
			name = Products;
			sourceTree = "<group>";
		};
		E050ABA01EBE03DF00CA1DF2 /* include */ = {
			isa = PBXGroup;
			children = (
				E050ABA11EBE03DF00CA1DF2 /* lovely.hpp */,
			);
			name = include;
			path = ../include;
			sourceTree = "<group>";
		};
		E050ABA21EBE03DF00CA1DF2 /* src */ = {
			isa = PBXGroup;
			children = (
				E050ABA31EBE03DF00CA1DF2 /* lovely.cpp */,
			);
			name = src;
			path = ../src;
			sourceTree = "<group>";
		};
		E050ABA81EBE053400CA1DF2 /* libraries */ = {
			isa = PBXGroup;
			children = (
				E050ABA91EBE053400CA1DF2 /* pybind11 */,
			);
			name = libraries;
			path = ../libraries;
			sourceTree = "<group>";
		};
		E050ABA91EBE053400CA1DF2 /* pybind11 */ = {
			isa = PBXGroup;
			children = (
				E050ABAA1EBE053400CA1DF2 /* include */,
				E050ABBF1EBE053400CA1DF2 /* LICENSE */,
				E050ABC01EBE053400CA1DF2 /* README.md */,
			);
			path = pybind11;
			sourceTree = "<group>";
		};
		E050ABAA1EBE053400CA1DF2 /* include */ = {
			isa = PBXGroup;
			children = (
				E050ABAB1EBE053400CA1DF2 /* pybind11 */,
			);
			path = include;
			sourceTree = "<group>";
		};
		E050ABAB1EBE053400CA1DF2 /* pybind11 */ = {
			isa = PBXGroup;
			children = (
				E050ABAC1EBE053400CA1DF2 /* attr.h */,
				E050ABAD1EBE053400CA1DF2 /* buffer_info.h */,
				E050ABAE1EBE053400CA1DF2 /* cast.h */,
				E050ABAF1EBE053400CA1DF2 /* chrono.h */,
				E050ABB01EBE053400CA1DF2 /* class_support.h */,
				E050ABB11EBE053400CA1DF2 /* common.h */,
				E050ABB21EBE053400CA1DF2 /* complex.h */,
				E050ABB31EBE053400CA1DF2 /* descr.h */,
				E050ABB41EBE053400CA1DF2 /* eigen.h */,
				E050ABB51EBE053400CA1DF2 /* eval.h */,
				E050ABB61EBE053400CA1DF2 /* functional.h */,
				E050ABB71EBE053400CA1DF2 /* numpy.h */,
				E050ABB81EBE053400CA1DF2 /* operators.h */,
				E050ABB91EBE053400CA1DF2 /* options.h */,
				E050ABBA1EBE053400CA1DF2 /* pybind11.h */,
				E050ABBB1EBE053400CA1DF2 /* pytypes.h */,
				E050ABBC1EBE053400CA1DF2 /* stl.h */,
				E050ABBD1EBE053400CA1DF2 /* stl_bind.h */,
				E050ABBE1EBE053400CA1DF2 /* typeid.h */,
			);
			path = pybind11;
			sourceTree = "<group>";
		};
/* End PBXGroup section */

/* Begin PBXHeadersBuildPhase section */
		E050AB8A1EBE025400CA1DF2 /* Headers */ = {
			isa = PBXHeadersBuildPhase;
			buildActionMask = 2147483647;
			files = (
				E050ABA41EBE03DF00CA1DF2 /* lovely.hpp in Headers */,
			);
			runOnlyForDeploymentPostprocessing = 0;
		};
/* End PBXHeadersBuildPhase section */

/* Begin PBXNativeTarget section */
		E050AB8B1EBE025400CA1DF2 /* Lovely */ = {
			isa = PBXNativeTarget;
			buildConfigurationList = E050AB971EBE025400CA1DF2 /* Build configuration list for PBXNativeTarget "Lovely" */;
			buildPhases = (
				E050AB881EBE025400CA1DF2 /* Sources */,
				E050AB891EBE025400CA1DF2 /* Frameworks */,
				E050AB8A1EBE025400CA1DF2 /* Headers */,
			);
			buildRules = (
			);
			dependencies = (
			);
			name = Lovely;
			productName = Lovely;
			productReference = E050AB8C1EBE025400CA1DF2 /* libLovely.dylib */;
			productType = "com.apple.product-type.library.dynamic";
		};
/* End PBXNativeTarget section */

/* Begin PBXProject section */
		E050AB841EBE025400CA1DF2 /* Project object */ = {
			isa = PBXProject;
			attributes = {
				LastUpgradeCheck = 0820;
				ORGANIZATIONNAME = "Gabriele Di Bari";
				TargetAttributes = {
					E050AB8B1EBE025400CA1DF2 = {
						CreatedOnToolsVersion = 8.2.1;
						DevelopmentTeam = SA4YKUZR5Y;
						ProvisioningStyle = Automatic;
					};
				};
			};
			buildConfigurationList = E050AB871EBE025400CA1DF2 /* Build configuration list for PBXProject "Lovely" */;
			compatibilityVersion = "Xcode 3.2";
			developmentRegion = English;
			hasScannedForEncodings = 0;
			knownRegions = (
				en,
			);
			mainGroup = E050AB831EBE025400CA1DF2;
			productRefGroup = E050AB8D1EBE025400CA1DF2 /* Products */;
			projectDirPath = "";
			projectRoot = "";
			targets = (
				E050AB8B1EBE025400CA1DF2 /* Lovely */,
			);
		};
/* End PBXProject section */

/* Begin PBXSourcesBuildPhase section */
		E050AB881EBE025400CA1DF2 /* Sources */ = {
			isa = PBXSourcesBuildPhase;
			buildActionMask = 2147483647;
			files = (
				E050ABA51EBE03DF00CA1DF2 /* lovely.cpp in Sources */,
			);
			runOnlyForDeploymentPostprocessing = 0;
		};
/* End PBXSourcesBuildPhase section */

/* Begin XCBuildConfiguration section */
		E050AB951EBE025400CA1DF2 /* Debug */ = {
			isa = XCBuildConfiguration;
			buildSettings = {
				ALWAYS_SEARCH_USER_PATHS = NO;
				CLANG_ANALYZER_NONNULL = YES;
				CLANG_CXX_LANGUAGE_STANDARD = "gnu++0x";
				CLANG_CXX_LIBRARY = "libc++";
				CLANG_ENABLE_MODULES = YES;
				CLANG_ENABLE_OBJC_ARC = YES;
				CLANG_WARN_BOOL_CONVERSION = YES;
				CLANG_WARN_CONSTANT_CONVERSION = YES;
				CLANG_WARN_DIRECT_OBJC_ISA_USAGE = YES_ERROR;
				CLANG_WARN_DOCUMENTATION_COMMENTS = YES;
				CLANG_WARN_EMPTY_BODY = YES;
				CLANG_WARN_ENUM_CONVERSION = YES;
				CLANG_WARN_INFINITE_RECURSION = YES;
				CLANG_WARN_INT_CONVERSION = YES;
				CLANG_WARN_OBJC_ROOT_CLASS = YES_ERROR;
				CLANG_WARN_SUSPICIOUS_MOVE = YES;
				CLANG_WARN_UNREACHABLE_CODE = YES;
				CLANG_WARN__DUPLICATE_METHOD_MATCH = YES;
				CODE_SIGN_IDENTITY = "-";
				COPY_PHASE_STRIP = NO;
				DEBUG_INFORMATION_FORMAT = dwarf;
				ENABLE_STRICT_OBJC_MSGSEND = YES;
				ENABLE_TESTABILITY = YES;
				GCC_C_LANGUAGE_STANDARD = gnu99;
				GCC_DYNAMIC_NO_PIC = NO;
				GCC_NO_COMMON_BLOCKS = YES;
				GCC_OPTIMIZATION_LEVEL = 0;
				GCC_PREPROCESSOR_DEFINITIONS = (
					"DEBUG=1",
					"$(inherited)",
				);
				GCC_WARN_64_TO_32_BIT_CONVERSION = YES;
				GCC_WARN_ABOUT_RETURN_TYPE = YES_ERROR;
				GCC_WARN_UNDECLARED_SELECTOR = YES;
				GCC_WARN_UNINITIALIZED_AUTOS = YES_AGGRESSIVE;
				GCC_WARN_UNUSED_FUNCTION = YES;
				GCC_WARN_UNUSED_VARIABLE = YES;
				HEADER_SEARCH_PATHS = (
					../include,
					"../love/src/**",
					../libraries/pybind11/include,
					/usr/local/Cellar/python3/3.6.1/Frameworks/Python.framework/Versions/3.6/include/python3.6m,
				);
				MACOSX_DEPLOYMENT_TARGET = 10.12;
				MTL_ENABLE_DEBUG_INFO = YES;
				ONLY_ACTIVE_ARCH = YES;
				SDKROOT = macosx;
			};
			name = Debug;
		};
		E050AB961EBE025400CA1DF2 /* Release */ = {
			isa = XCBuildConfiguration;
			buildSettings = {
				ALWAYS_SEARCH_USER_PATHS = NO;
				CLANG_ANALYZER_NONNULL = YES;
				CLANG_CXX_LANGUAGE_STANDARD = "gnu++0x";
				CLANG_CXX_LIBRARY = "libc++";
				CLANG_ENABLE_MODULES = YES;
				CLANG_ENABLE_OBJC_ARC = YES;
				CLANG_WARN_BOOL_CONVERSION = YES;
				CLANG_WARN_CONSTANT_CONVERSION = YES;
				CLANG_WARN_DIRECT_OBJC_ISA_USAGE = YES_ERROR;
				CLANG_WARN_DOCUMENTATION_COMMENTS = YES;
				CLANG_WARN_EMPTY_BODY = YES;
				CLANG_WARN_ENUM_CONVERSION = YES;
				CLANG_WARN_INFINITE_RECURSION = YES;
				CLANG_WARN_INT_CONVERSION = YES;
				CLANG_WARN_OBJC_ROOT_CLASS = YES_ERROR;
				CLANG_WARN_SUSPICIOUS_MOVE = YES;
				CLANG_WARN_UNREACHABLE_CODE = YES;
				CLANG_WARN__DUPLICATE_METHOD_MATCH = YES;
				CODE_SIGN_IDENTITY = "-";
				COPY_PHASE_STRIP = NO;
				DEBUG_INFORMATION_FORMAT = "dwarf-with-dsym";
				ENABLE_NS_ASSERTIONS = NO;
				ENABLE_STRICT_OBJC_MSGSEND = YES;
				GCC_C_LANGUAGE_STANDARD = gnu99;
				GCC_NO_COMMON_BLOCKS = YES;
				GCC_WARN_64_TO_32_BIT_CONVERSION = YES;
				GCC_WARN_ABOUT_RETURN_TYPE = YES_ERROR;
				GCC_WARN_UNDECLARED_SELECTOR = YES;
				GCC_WARN_UNINITIALIZED_AUTOS = YES_AGGRESSIVE;
				GCC_WARN_UNUSED_FUNCTION = YES;
				GCC_WARN_UNUSED_VARIABLE = YES;
				HEADER_SEARCH_PATHS = (
					../include,
					"../love/src/**",
					../libraries/pybind11/include,
					/usr/local/Cellar/python3/3.6.1/Frameworks/Python.framework/Versions/3.6/include/python3.6m,
				);
				MACOSX_DEPLOYMENT_TARGET = 10.12;
				MTL_ENABLE_DEBUG_INFO = NO;
				SDKROOT = macosx;
			};
			name = Release;
		};
		E050AB981EBE025400CA1DF2 /* Debug */ = {
			isa = XCBuildConfiguration;
			buildSettings = {
				DEVELOPMENT_TEAM = SA4YKUZR5Y;
				DYLIB_COMPATIBILITY_VERSION = 1;
				DYLIB_CURRENT_VERSION = 1;
				EXECUTABLE_PREFIX = lib;
				FRAMEWORK_SEARCH_PATHS = (
					"$(inherited)",
					/usr/local/Cellar/python3/3.6.1/Frameworks,
				);
				GCC_ENABLE_CPP_EXCEPTIONS = YES;
				GCC_ENABLE_CPP_RTTI = YES;
				GCC_SYMBOLS_PRIVATE_EXTERN = YES;
				PRODUCT_NAME = "$(TARGET_NAME)";
			};
			name = Debug;
		};
		E050AB991EBE025400CA1DF2 /* Release */ = {
			isa = XCBuildConfiguration;
			buildSettings = {
				DEVELOPMENT_TEAM = SA4YKUZR5Y;
				DYLIB_COMPATIBILITY_VERSION = 1;
				DYLIB_CURRENT_VERSION = 1;
				EXECUTABLE_PREFIX = lib;
				FRAMEWORK_SEARCH_PATHS = (
					"$(inherited)",
					/usr/local/Cellar/python3/3.6.1/Frameworks,
				);
				GCC_ENABLE_CPP_EXCEPTIONS = YES;
				GCC_ENABLE_CPP_RTTI = YES;
				GCC_SYMBOLS_PRIVATE_EXTERN = YES;
				PRODUCT_NAME = "$(TARGET_NAME)";
			};
			name = Release;
		};
/* End XCBuildConfiguration section */

/* Begin XCConfigurationList section */
		E050AB871EBE025400CA1DF2 /* Build configuration list for PBXProject "Lovely" */ = {
			isa = XCConfigurationList;
			buildConfigurations = (
				E050AB951EBE025400CA1DF2 /* Debug */,
				E050AB961EBE025400CA1DF2 /* Release */,
			);
			defaultConfigurationIsVisible = 0;
			defaultConfigurationName = Release;
		};
		E050AB971EBE025400CA1DF2 /* Build configuration list for PBXNativeTarget "Lovely" */ = {
			isa = XCConfigurationList;
			buildConfigurations = (
				E050AB981EBE025400CA1DF2 /* Debug */,
				E050AB991EBE025400CA1DF2 /* Release */,
			);
			defaultConfigurationIsVisible = 0;
			defaultConfigurationName = Release;
		};
/* End XCConfigurationList section */
	};
	rootObject = E050AB841EBE025400CA1DF2 /* Project object */;
}
